
Microsoft Visual Studio Solution File, Format Version 12.00
# Visual Studio Version 17
VisualStudioVersion = 17.3.32825.248
MinimumVisualStudioVersion = 10.0.40219.1
Project("{9A19103F-16F7-4668-BE54-9A1E7A4F7556}") = "ForAlgorithms", "ForAlgorithms\ForAlgorithms.csproj", "{0437DA36-C780-46F4-A83A-1F0BAD58F1AA}"
EndProject
Project("{9A19103F-16F7-4668-BE54-9A1E7A4F7556}") = "AlgLabs", "AlgLabs\AlgLabs.csproj", "{66AF7609-1097-488D-A22D-ABB7C3264AEA}"
EndProject
Project("{FAE04EC0-301F-11D3-BF4B-00C04F79EFBC}") = "LeetCode", "LeetCode\LeetCode.csproj", "{56C08F5F-5C5A-4435-BE3F-4B5F0C892610}"
EndProject
Global
	GlobalSection(SolutionConfigurationPlatforms) = preSolution
		Debug|Any CPU = Debug|Any CPU
		Release|Any CPU = Release|Any CPU
	EndGlobalSection
	GlobalSection(ProjectConfigurationPlatforms) = postSolution
		{0437DA36-C780-46F4-A83A-1F0BAD58F1AA}.Debug|Any CPU.ActiveCfg = Debug|Any CPU
		{0437DA36-C780-46F4-A83A-1F0BAD58F1AA}.Debug|Any CPU.Build.0 = Debug|Any CPU
		{0437DA36-C780-46F4-A83A-1F0BAD58F1AA}.Release|Any CPU.ActiveCfg = Release|Any CPU
		{0437DA36-C780-46F4-A83A-1F0BAD58F1AA}.Release|Any CPU.Build.0 = Release|Any CPU
		{66AF7609-1097-488D-A22D-ABB7C3264AEA}.Debug|Any CPU.ActiveCfg = Debug|Any CPU
		{66AF7609-1097-488D-A22D-ABB7C3264AEA}.Debug|Any CPU.Build.0 = Debug|Any CPU
		{66AF7609-1097-488D-A22D-ABB7C3264AEA}.Release|Any CPU.ActiveCfg = Release|Any CPU
		{66AF7609-1097-488D-A22D-ABB7C3264AEA}.Release|Any CPU.Build.0 = Release|Any CPU
		{56C08F5F-5C5A-4435-BE3F-4B5F0C892610}.Debug|Any CPU.ActiveCfg = Debug|Any CPU
		{56C08F5F-5C5A-4435-BE3F-4B5F0C892610}.Debug|Any CPU.Build.0 = Debug|Any CPU
		{56C08F5F-5C5A-4435-BE3F-4B5F0C892610}.Release|Any CPU.ActiveCfg = Release|Any CPU
		{56C08F5F-5C5A-4435-BE3F-4B5F0C892610}.Release|Any CPU.Build.0 = Release|Any CPU
	EndGlobalSection
	GlobalSection(SolutionProperties) = preSolution
		HideSolutionNode = FALSE
	EndGlobalSection
	GlobalSection(ExtensibilityGlobals) = postSolution
		SolutionGuid = {58496865-8866-4E61-952B-F1D6A9F41BCC}
	EndGlobalSection
EndGlobal
